# This file is autogenerated, do not edit; changes may be undone by the next 'dep ensure'.


[[projects]]
  branch = "master"
  name = "github.com/alecthomas/template"
  packages = [
    ".",
    "parse"
  ]
  revision = "a0175ee3bccc567396460bf5acd36800cb10c49c"

[[projects]]
  branch = "master"
  name = "github.com/alecthomas/units"
  packages = ["."]
  revision = "2efee857e7cfd4f3d0138cc3cbb1b4966962b93a"

[[projects]]
  branch = "master"
  name = "github.com/yhat/scrape"
  packages = ["."]
  revision = "24b7890b0945459dbf91743e4d2ac5d75a51fee2"

[[projects]]
  name = "golang.org/x/net"
  packages = [
    "html",
    "html/atom"
  ]
  revision = "dc871a5d77e227f5bbf6545176ef3eeebf87e76e"

[[projects]]
  name = "gopkg.in/alecthomas/kingpin.v2"
  packages = ["."]
  revision = "1087e65c9441605df944fb12c33f0fe7072d18ca"
  version = "v2.2.5"

[solve-meta]
  analyzer-name = "dep"
  analyzer-version = 1
  inputs-digest = "4e8338fe382d5c08449393f78c952ae665d4bf3e3ef02465a51437b994c18b4a"
  solver-name = "gps-cdcl"
  solver-version = 1
